
Microsoft Visual Studio Solution File, Format Version 12.00
# Visual Studio Version 17
VisualStudioVersion = 17.2.32630.192
MinimumVisualStudioVersion = 10.0.40219.1
Project("{2150E333-8FDC-42A3-9474-1A3956D46DE8}") = "2 - Domain", "2 - Domain", "{EA16291E-B254-49F8-BC33-A89BECC3F109}"
EndProject
Project("{9A19103F-16F7-4668-BE54-9A1E7A4F7556}") = "Domain", "Domain\Domain.csproj", "{E93EEF3C-FA28-4E15-8F8B-B2F0946B29DA}"
EndProject
Project("{2150E333-8FDC-42A3-9474-1A3956D46DE8}") = "1 - Application", "1 - Application", "{86BE1F66-A4F8-4B82-A855-9FD98937C23C}"
EndProject
Project("{9A19103F-16F7-4668-BE54-9A1E7A4F7556}") = "UI.Aws", "UI.Aws\UI.Aws.csproj", "{3C710744-6C68-40FA-80AC-43F91B0805BC}"
EndProject
Global
	GlobalSection(SolutionConfigurationPlatforms) = preSolution
		Debug|Any CPU = Debug|Any CPU
		Release|Any CPU = Release|Any CPU
	EndGlobalSection
	GlobalSection(ProjectConfigurationPlatforms) = postSolution
		{E93EEF3C-FA28-4E15-8F8B-B2F0946B29DA}.Debug|Any CPU.ActiveCfg = Debug|Any CPU
		{E93EEF3C-FA28-4E15-8F8B-B2F0946B29DA}.Debug|Any CPU.Build.0 = Debug|Any CPU
		{E93EEF3C-FA28-4E15-8F8B-B2F0946B29DA}.Release|Any CPU.ActiveCfg = Release|Any CPU
		{E93EEF3C-FA28-4E15-8F8B-B2F0946B29DA}.Release|Any CPU.Build.0 = Release|Any CPU
		{3C710744-6C68-40FA-80AC-43F91B0805BC}.Debug|Any CPU.ActiveCfg = Debug|Any CPU
		{3C710744-6C68-40FA-80AC-43F91B0805BC}.Debug|Any CPU.Build.0 = Debug|Any CPU
		{3C710744-6C68-40FA-80AC-43F91B0805BC}.Release|Any CPU.ActiveCfg = Release|Any CPU
		{3C710744-6C68-40FA-80AC-43F91B0805BC}.Release|Any CPU.Build.0 = Release|Any CPU
	EndGlobalSection
	GlobalSection(SolutionProperties) = preSolution
		HideSolutionNode = FALSE
	EndGlobalSection
	GlobalSection(NestedProjects) = preSolution
		{E93EEF3C-FA28-4E15-8F8B-B2F0946B29DA} = {EA16291E-B254-49F8-BC33-A89BECC3F109}
		{3C710744-6C68-40FA-80AC-43F91B0805BC} = {86BE1F66-A4F8-4B82-A855-9FD98937C23C}
	EndGlobalSection
	GlobalSection(ExtensibilityGlobals) = postSolution
		SolutionGuid = {9D7F6F00-11E5-4CF0-9E57-18478544218B}
	EndGlobalSection
EndGlobal
